
Microsoft Visual Studio Solution File, Format Version 12.00
# Visual Studio Version 16
VisualStudioVersion = 16.0.29728.190
MinimumVisualStudioVersion = 10.0.40219.1
Project("{FAE04EC0-301F-11D3-BF4B-00C04F79EFBC}") = "WindowsFormsApp2", "WindowsFormsApp2\WindowsFormsApp2.csproj", "{73F9EB99-B420-449D-A074-054099ED52E9}"
EndProject
Project("{FAE04EC0-301F-11D3-BF4B-00C04F79EFBC}") = "dll_soloClase", "dll_soloClase\dll_soloClase.csproj", "{343107E3-55C1-4B26-B31B-683AFCE7DDB2}"
EndProject
Project("{FAE04EC0-301F-11D3-BF4B-00C04F79EFBC}") = "DLL_Graficador", "DLL_Graficador\DLL_Graficador.csproj", "{CA29179F-4B44-4B74-A547-9E7E7C5341B7}"
EndProject
Project("{FAE04EC0-301F-11D3-BF4B-00C04F79EFBC}") = "Libreria_Graficadora", "Libreria_Graficadora\Libreria_Graficadora.csproj", "{B4B6760A-24F0-4890-9CBA-7C74FFE88AB3}"
EndProject
Global
	GlobalSection(SolutionConfigurationPlatforms) = preSolution
		Debug|Any CPU = Debug|Any CPU
		Release|Any CPU = Release|Any CPU
	EndGlobalSection
	GlobalSection(ProjectConfigurationPlatforms) = postSolution
		{73F9EB99-B420-449D-A074-054099ED52E9}.Debug|Any CPU.ActiveCfg = Debug|Any CPU
		{73F9EB99-B420-449D-A074-054099ED52E9}.Debug|Any CPU.Build.0 = Debug|Any CPU
		{73F9EB99-B420-449D-A074-054099ED52E9}.Release|Any CPU.ActiveCfg = Release|Any CPU
		{73F9EB99-B420-449D-A074-054099ED52E9}.Release|Any CPU.Build.0 = Release|Any CPU
		{343107E3-55C1-4B26-B31B-683AFCE7DDB2}.Debug|Any CPU.ActiveCfg = Debug|Any CPU
		{343107E3-55C1-4B26-B31B-683AFCE7DDB2}.Debug|Any CPU.Build.0 = Debug|Any CPU
		{343107E3-55C1-4B26-B31B-683AFCE7DDB2}.Release|Any CPU.ActiveCfg = Release|Any CPU
		{343107E3-55C1-4B26-B31B-683AFCE7DDB2}.Release|Any CPU.Build.0 = Release|Any CPU
		{CA29179F-4B44-4B74-A547-9E7E7C5341B7}.Debug|Any CPU.ActiveCfg = Debug|Any CPU
		{CA29179F-4B44-4B74-A547-9E7E7C5341B7}.Debug|Any CPU.Build.0 = Debug|Any CPU
		{CA29179F-4B44-4B74-A547-9E7E7C5341B7}.Release|Any CPU.ActiveCfg = Release|Any CPU
		{CA29179F-4B44-4B74-A547-9E7E7C5341B7}.Release|Any CPU.Build.0 = Release|Any CPU
		{B4B6760A-24F0-4890-9CBA-7C74FFE88AB3}.Debug|Any CPU.ActiveCfg = Debug|Any CPU
		{B4B6760A-24F0-4890-9CBA-7C74FFE88AB3}.Debug|Any CPU.Build.0 = Debug|Any CPU
		{B4B6760A-24F0-4890-9CBA-7C74FFE88AB3}.Release|Any CPU.ActiveCfg = Release|Any CPU
		{B4B6760A-24F0-4890-9CBA-7C74FFE88AB3}.Release|Any CPU.Build.0 = Release|Any CPU
	EndGlobalSection
	GlobalSection(SolutionProperties) = preSolution
		HideSolutionNode = FALSE
	EndGlobalSection
	GlobalSection(ExtensibilityGlobals) = postSolution
		RESX_NeutralResourcesLanguage = es-CO
		SolutionGuid = {8A959A36-5C18-4715-AD8C-FD0B95E72404}
		RESX_PrefixTranslations = False
	EndGlobalSection
EndGlobal
